
Microsoft Visual Studio Solution File, Format Version 12.00
# Visual Studio 15
VisualStudioVersion = 15.0.28010.2050
MinimumVisualStudioVersion = 10.0.40219.1
Project("{FAE04EC0-301F-11D3-BF4B-00C04F79EFBC}") = "Model", "Model\Model.csproj", "{8805AA1A-087D-411B-80A8-A5E5F0BC77A8}"
EndProject
Project("{FAE04EC0-301F-11D3-BF4B-00C04F79EFBC}") = "ModelTest", "ModelTest\ModelTest.csproj", "{45EA5113-63C5-46B8-8451-4E9D0467F3A5}"
EndProject
Project("{FAE04EC0-301F-11D3-BF4B-00C04F79EFBC}") = "SalleController", "SalleController\SalleController.csproj", "{D8E41748-91A3-4691-A5BF-9235E3BCB6D2}"
EndProject
Project("{FAE04EC0-301F-11D3-BF4B-00C04F79EFBC}") = "SalleControllerTest", "SalleControllerTest\SalleControllerTest.csproj", "{79EF360E-FBE7-4F67-9D60-A2932FCBD278}"
EndProject
Project("{FAE04EC0-301F-11D3-BF4B-00C04F79EFBC}") = "BDD", "BDD\BDD.csproj", "{CA3BDF15-6599-45DC-94B5-DCBC13ADC7B7}"
EndProject
Project("{FAE04EC0-301F-11D3-BF4B-00C04F79EFBC}") = "BDDTest", "BDDTest\BDDTest.csproj", "{3DCFE51F-39C9-45B1-BD23-79D084F1F6DA}"
EndProject
Project("{FAE04EC0-301F-11D3-BF4B-00C04F79EFBC}") = "GUI", "GUI\GUI.csproj", "{28C3A3D7-74AE-498A-B5A0-5A8AA651C711}"
EndProject
Project("{FAE04EC0-301F-11D3-BF4B-00C04F79EFBC}") = "GUITest", "GUITest\GUITest.csproj", "{A0BC42AA-025D-45DD-AF40-50334C7216E7}"
EndProject
Project("{FAE04EC0-301F-11D3-BF4B-00C04F79EFBC}") = "CuisineController", "CuisineController\CuisineController.csproj", "{F537F485-6068-4560-A00F-DB34094F5EA9}"
EndProject
Project("{FAE04EC0-301F-11D3-BF4B-00C04F79EFBC}") = "CuisineControllerTest", "CuisineControllerTest\CuisineControllerTest.csproj", "{601024A3-735E-4280-B259-57CF1E586797}"
EndProject
Project("{FAE04EC0-301F-11D3-BF4B-00C04F79EFBC}") = "LauncherConsole", "LauncherConsole\LauncherConsole.csproj", "{630101D9-B4ED-4A90-A481-2564D94D5C7C}"
EndProject
Global
	GlobalSection(SolutionConfigurationPlatforms) = preSolution
		Debug|Any CPU = Debug|Any CPU
		Debug|x86 = Debug|x86
		Release|Any CPU = Release|Any CPU
		Release|x86 = Release|x86
	EndGlobalSection
	GlobalSection(ProjectConfigurationPlatforms) = postSolution
		{8805AA1A-087D-411B-80A8-A5E5F0BC77A8}.Debug|Any CPU.ActiveCfg = Debug|Any CPU
		{8805AA1A-087D-411B-80A8-A5E5F0BC77A8}.Debug|Any CPU.Build.0 = Debug|Any CPU
		{8805AA1A-087D-411B-80A8-A5E5F0BC77A8}.Debug|x86.ActiveCfg = Debug|Any CPU
		{8805AA1A-087D-411B-80A8-A5E5F0BC77A8}.Debug|x86.Build.0 = Debug|Any CPU
		{8805AA1A-087D-411B-80A8-A5E5F0BC77A8}.Release|Any CPU.ActiveCfg = Release|Any CPU
		{8805AA1A-087D-411B-80A8-A5E5F0BC77A8}.Release|Any CPU.Build.0 = Release|Any CPU
		{8805AA1A-087D-411B-80A8-A5E5F0BC77A8}.Release|x86.ActiveCfg = Release|Any CPU
		{8805AA1A-087D-411B-80A8-A5E5F0BC77A8}.Release|x86.Build.0 = Release|Any CPU
		{45EA5113-63C5-46B8-8451-4E9D0467F3A5}.Debug|Any CPU.ActiveCfg = Debug|Any CPU
		{45EA5113-63C5-46B8-8451-4E9D0467F3A5}.Debug|Any CPU.Build.0 = Debug|Any CPU
		{45EA5113-63C5-46B8-8451-4E9D0467F3A5}.Debug|x86.ActiveCfg = Debug|Any CPU
		{45EA5113-63C5-46B8-8451-4E9D0467F3A5}.Debug|x86.Build.0 = Debug|Any CPU
		{45EA5113-63C5-46B8-8451-4E9D0467F3A5}.Release|Any CPU.ActiveCfg = Release|Any CPU
		{45EA5113-63C5-46B8-8451-4E9D0467F3A5}.Release|Any CPU.Build.0 = Release|Any CPU
		{45EA5113-63C5-46B8-8451-4E9D0467F3A5}.Release|x86.ActiveCfg = Release|Any CPU
		{45EA5113-63C5-46B8-8451-4E9D0467F3A5}.Release|x86.Build.0 = Release|Any CPU
		{D8E41748-91A3-4691-A5BF-9235E3BCB6D2}.Debug|Any CPU.ActiveCfg = Debug|Any CPU
		{D8E41748-91A3-4691-A5BF-9235E3BCB6D2}.Debug|Any CPU.Build.0 = Debug|Any CPU
		{D8E41748-91A3-4691-A5BF-9235E3BCB6D2}.Debug|x86.ActiveCfg = Debug|Any CPU
		{D8E41748-91A3-4691-A5BF-9235E3BCB6D2}.Debug|x86.Build.0 = Debug|Any CPU
		{D8E41748-91A3-4691-A5BF-9235E3BCB6D2}.Release|Any CPU.ActiveCfg = Release|Any CPU
		{D8E41748-91A3-4691-A5BF-9235E3BCB6D2}.Release|Any CPU.Build.0 = Release|Any CPU
		{D8E41748-91A3-4691-A5BF-9235E3BCB6D2}.Release|x86.ActiveCfg = Release|Any CPU
		{D8E41748-91A3-4691-A5BF-9235E3BCB6D2}.Release|x86.Build.0 = Release|Any CPU
		{79EF360E-FBE7-4F67-9D60-A2932FCBD278}.Debug|Any CPU.ActiveCfg = Debug|Any CPU
		{79EF360E-FBE7-4F67-9D60-A2932FCBD278}.Debug|Any CPU.Build.0 = Debug|Any CPU
		{79EF360E-FBE7-4F67-9D60-A2932FCBD278}.Debug|x86.ActiveCfg = Debug|Any CPU
		{79EF360E-FBE7-4F67-9D60-A2932FCBD278}.Debug|x86.Build.0 = Debug|Any CPU
		{79EF360E-FBE7-4F67-9D60-A2932FCBD278}.Release|Any CPU.ActiveCfg = Release|Any CPU
		{79EF360E-FBE7-4F67-9D60-A2932FCBD278}.Release|Any CPU.Build.0 = Release|Any CPU
		{79EF360E-FBE7-4F67-9D60-A2932FCBD278}.Release|x86.ActiveCfg = Release|Any CPU
		{79EF360E-FBE7-4F67-9D60-A2932FCBD278}.Release|x86.Build.0 = Release|Any CPU
		{CA3BDF15-6599-45DC-94B5-DCBC13ADC7B7}.Debug|Any CPU.ActiveCfg = Debug|Any CPU
		{CA3BDF15-6599-45DC-94B5-DCBC13ADC7B7}.Debug|Any CPU.Build.0 = Debug|Any CPU
		{CA3BDF15-6599-45DC-94B5-DCBC13ADC7B7}.Debug|x86.ActiveCfg = Debug|Any CPU
		{CA3BDF15-6599-45DC-94B5-DCBC13ADC7B7}.Debug|x86.Build.0 = Debug|Any CPU
		{CA3BDF15-6599-45DC-94B5-DCBC13ADC7B7}.Release|Any CPU.ActiveCfg = Release|Any CPU
		{CA3BDF15-6599-45DC-94B5-DCBC13ADC7B7}.Release|Any CPU.Build.0 = Release|Any CPU
		{CA3BDF15-6599-45DC-94B5-DCBC13ADC7B7}.Release|x86.ActiveCfg = Release|Any CPU
		{CA3BDF15-6599-45DC-94B5-DCBC13ADC7B7}.Release|x86.Build.0 = Release|Any CPU
		{3DCFE51F-39C9-45B1-BD23-79D084F1F6DA}.Debug|Any CPU.ActiveCfg = Debug|Any CPU
		{3DCFE51F-39C9-45B1-BD23-79D084F1F6DA}.Debug|Any CPU.Build.0 = Debug|Any CPU
		{3DCFE51F-39C9-45B1-BD23-79D084F1F6DA}.Debug|x86.ActiveCfg = Debug|Any CPU
		{3DCFE51F-39C9-45B1-BD23-79D084F1F6DA}.Debug|x86.Build.0 = Debug|Any CPU
		{3DCFE51F-39C9-45B1-BD23-79D084F1F6DA}.Release|Any CPU.ActiveCfg = Release|Any CPU
		{3DCFE51F-39C9-45B1-BD23-79D084F1F6DA}.Release|Any CPU.Build.0 = Release|Any CPU
		{3DCFE51F-39C9-45B1-BD23-79D084F1F6DA}.Release|x86.ActiveCfg = Release|Any CPU
		{3DCFE51F-39C9-45B1-BD23-79D084F1F6DA}.Release|x86.Build.0 = Release|Any CPU
		{28C3A3D7-74AE-498A-B5A0-5A8AA651C711}.Debug|Any CPU.ActiveCfg = Debug|Any CPU
		{28C3A3D7-74AE-498A-B5A0-5A8AA651C711}.Debug|Any CPU.Build.0 = Debug|Any CPU
		{28C3A3D7-74AE-498A-B5A0-5A8AA651C711}.Debug|x86.ActiveCfg = Debug|x86
		{28C3A3D7-74AE-498A-B5A0-5A8AA651C711}.Debug|x86.Build.0 = Debug|x86
		{28C3A3D7-74AE-498A-B5A0-5A8AA651C711}.Release|Any CPU.ActiveCfg = Release|Any CPU
		{28C3A3D7-74AE-498A-B5A0-5A8AA651C711}.Release|Any CPU.Build.0 = Release|Any CPU
		{28C3A3D7-74AE-498A-B5A0-5A8AA651C711}.Release|x86.ActiveCfg = Release|x86
		{28C3A3D7-74AE-498A-B5A0-5A8AA651C711}.Release|x86.Build.0 = Release|x86
		{A0BC42AA-025D-45DD-AF40-50334C7216E7}.Debug|Any CPU.ActiveCfg = Debug|Any CPU
		{A0BC42AA-025D-45DD-AF40-50334C7216E7}.Debug|Any CPU.Build.0 = Debug|Any CPU
		{A0BC42AA-025D-45DD-AF40-50334C7216E7}.Debug|x86.ActiveCfg = Debug|Any CPU
		{A0BC42AA-025D-45DD-AF40-50334C7216E7}.Debug|x86.Build.0 = Debug|Any CPU
		{A0BC42AA-025D-45DD-AF40-50334C7216E7}.Release|Any CPU.ActiveCfg = Release|Any CPU
		{A0BC42AA-025D-45DD-AF40-50334C7216E7}.Release|Any CPU.Build.0 = Release|Any CPU
		{A0BC42AA-025D-45DD-AF40-50334C7216E7}.Release|x86.ActiveCfg = Release|Any CPU
		{A0BC42AA-025D-45DD-AF40-50334C7216E7}.Release|x86.Build.0 = Release|Any CPU
		{F537F485-6068-4560-A00F-DB34094F5EA9}.Debug|Any CPU.ActiveCfg = Debug|Any CPU
		{F537F485-6068-4560-A00F-DB34094F5EA9}.Debug|Any CPU.Build.0 = Debug|Any CPU
		{F537F485-6068-4560-A00F-DB34094F5EA9}.Debug|x86.ActiveCfg = Debug|Any CPU
		{F537F485-6068-4560-A00F-DB34094F5EA9}.Debug|x86.Build.0 = Debug|Any CPU
		{F537F485-6068-4560-A00F-DB34094F5EA9}.Release|Any CPU.ActiveCfg = Release|Any CPU
		{F537F485-6068-4560-A00F-DB34094F5EA9}.Release|Any CPU.Build.0 = Release|Any CPU
		{F537F485-6068-4560-A00F-DB34094F5EA9}.Release|x86.ActiveCfg = Release|Any CPU
		{F537F485-6068-4560-A00F-DB34094F5EA9}.Release|x86.Build.0 = Release|Any CPU
		{601024A3-735E-4280-B259-57CF1E586797}.Debug|Any CPU.ActiveCfg = Debug|Any CPU
		{601024A3-735E-4280-B259-57CF1E586797}.Debug|Any CPU.Build.0 = Debug|Any CPU
		{601024A3-735E-4280-B259-57CF1E586797}.Debug|x86.ActiveCfg = Debug|Any CPU
		{601024A3-735E-4280-B259-57CF1E586797}.Debug|x86.Build.0 = Debug|Any CPU
		{601024A3-735E-4280-B259-57CF1E586797}.Release|Any CPU.ActiveCfg = Release|Any CPU
		{601024A3-735E-4280-B259-57CF1E586797}.Release|Any CPU.Build.0 = Release|Any CPU
		{601024A3-735E-4280-B259-57CF1E586797}.Release|x86.ActiveCfg = Release|Any CPU
		{601024A3-735E-4280-B259-57CF1E586797}.Release|x86.Build.0 = Release|Any CPU
		{630101D9-B4ED-4A90-A481-2564D94D5C7C}.Debug|Any CPU.ActiveCfg = Debug|Any CPU
		{630101D9-B4ED-4A90-A481-2564D94D5C7C}.Debug|Any CPU.Build.0 = Debug|Any CPU
		{630101D9-B4ED-4A90-A481-2564D94D5C7C}.Debug|x86.ActiveCfg = Debug|Any CPU
		{630101D9-B4ED-4A90-A481-2564D94D5C7C}.Debug|x86.Build.0 = Debug|Any CPU
		{630101D9-B4ED-4A90-A481-2564D94D5C7C}.Release|Any CPU.ActiveCfg = Release|Any CPU
		{630101D9-B4ED-4A90-A481-2564D94D5C7C}.Release|Any CPU.Build.0 = Release|Any CPU
		{630101D9-B4ED-4A90-A481-2564D94D5C7C}.Release|x86.ActiveCfg = Release|Any CPU
		{630101D9-B4ED-4A90-A481-2564D94D5C7C}.Release|x86.Build.0 = Release|Any CPU
	EndGlobalSection
	GlobalSection(SolutionProperties) = preSolution
		HideSolutionNode = FALSE
	EndGlobalSection
	GlobalSection(ExtensibilityGlobals) = postSolution
		SolutionGuid = {78275D0E-80AA-44BA-9511-F6565D077CF3}
	EndGlobalSection
EndGlobal
